{
  "name": "re-nu",
  "lockfileVersion": 2,
  "requires": true,
  "packages": {
    "": {
      "dependencies": {
        "@stripe/stripe-js": "^1.42.0"
      }
    },
    "node_modules/@stripe/stripe-js": {
      "version": "1.42.0",
      "resolved": "https://registry.npmjs.org/@stripe/stripe-js/-/stripe-js-1.42.0.tgz",
      "integrity": "sha512-ZaQpZo5PRv/mN6157OywMW4fc7FIS+eI/tS12I1gU9MdvnL8fzFktuAU/g9FyUOL22E4t9hF1tsfLQAZcQDokQ=="
    }
  },
  "dependencies": {
    "@stripe/stripe-js": {
      "version": "1.42.0",
      "resolved": "https://registry.npmjs.org/@stripe/stripe-js/-/stripe-js-1.42.0.tgz",
      "integrity": "sha512-ZaQpZo5PRv/mN6157OywMW4fc7FIS+eI/tS12I1gU9MdvnL8fzFktuAU/g9FyUOL22E4t9hF1tsfLQAZcQDokQ=="
    }
  }
}
